
Microsoft Visual Studio Solution File, Format Version 12.00
# Visual Studio Version 17
VisualStudioVersion = 17.4.33213.308
MinimumVisualStudioVersion = 10.0.40219.1
Project("{FAE04EC0-301F-11D3-BF4B-00C04F79EFBC}") = "uchebnaya_pr", "uchebnaya_pr\uchebnaya_pr.csproj", "{640FC6A5-04D8-4B46-991B-6DED5395700A}"
EndProject
Global
	GlobalSection(SolutionConfigurationPlatforms) = preSolution
		Debug|Any CPU = Debug|Any CPU
		Release|Any CPU = Release|Any CPU
	EndGlobalSection
	GlobalSection(ProjectConfigurationPlatforms) = postSolution
		{640FC6A5-04D8-4B46-991B-6DED5395700A}.Debug|Any CPU.ActiveCfg = Debug|Any CPU
		{640FC6A5-04D8-4B46-991B-6DED5395700A}.Debug|Any CPU.Build.0 = Debug|Any CPU
		{640FC6A5-04D8-4B46-991B-6DED5395700A}.Release|Any CPU.ActiveCfg = Release|Any CPU
		{640FC6A5-04D8-4B46-991B-6DED5395700A}.Release|Any CPU.Build.0 = Release|Any CPU
	EndGlobalSection
	GlobalSection(SolutionProperties) = preSolution
		HideSolutionNode = FALSE
	EndGlobalSection
	GlobalSection(ExtensibilityGlobals) = postSolution
		SolutionGuid = {89C30DDE-092E-4A94-99C5-4C796CC42B00}
	EndGlobalSection
EndGlobal
